
Microsoft Visual Studio Solution File, Format Version 12.00
# Visual Studio Version 17
VisualStudioVersion = 17.6.33815.320
MinimumVisualStudioVersion = 10.0.40219.1
Project("{9A19103F-16F7-4668-BE54-9A1E7A4F7556}") = "InteliPharma.Library", "InteliPharma.Library.csproj", "{E1BF1291-14DD-4A8B-A56F-A25023616988}"
EndProject
Project("{00D1A9C2-B5F0-4AF3-8072-F6C62B433612}") = "InteliPharma.DB", "..\InteliPharma.DB\InteliPharma.DB.sqlproj", "{ECC2A260-2DA8-4A56-9C7A-6922D83DF889}"
EndProject
Project("{9A19103F-16F7-4668-BE54-9A1E7A4F7556}") = "InteliPharma.API", "..\InteliPharma.API\InteliPharma.API.csproj", "{1230F008-834C-416D-BAE7-75F8A08490DE}"
EndProject
Project("{9A19103F-16F7-4668-BE54-9A1E7A4F7556}") = "InteliPharma.Console", "..\InteliPharma.Console\InteliPharma.Console.csproj", "{F206B811-08CA-46FB-AABA-FB1CBD6C3613}"
EndProject
Project("{9A19103F-16F7-4668-BE54-9A1E7A4F7556}") = "IntiPharma.Maui", "..\IntiPharma.Maui\IntiPharma.Maui.csproj", "{E3D11848-1B7E-4DCE-801D-B5531442DEEB}"
EndProject
Project("{FAE04EC0-301F-11D3-BF4B-00C04F79EFBC}") = "InteliPharma.Blazor", "..\InteliPharma.Blazor\InteliPharma.Blazor.csproj", "{F3230A61-8D5F-4726-9B71-620599676F89}"
EndProject
Global
	GlobalSection(SolutionConfigurationPlatforms) = preSolution
		Debug|Any CPU = Debug|Any CPU
		Release|Any CPU = Release|Any CPU
	EndGlobalSection
	GlobalSection(ProjectConfigurationPlatforms) = postSolution
		{E1BF1291-14DD-4A8B-A56F-A25023616988}.Debug|Any CPU.ActiveCfg = Debug|Any CPU
		{E1BF1291-14DD-4A8B-A56F-A25023616988}.Debug|Any CPU.Build.0 = Debug|Any CPU
		{E1BF1291-14DD-4A8B-A56F-A25023616988}.Release|Any CPU.ActiveCfg = Release|Any CPU
		{E1BF1291-14DD-4A8B-A56F-A25023616988}.Release|Any CPU.Build.0 = Release|Any CPU
		{ECC2A260-2DA8-4A56-9C7A-6922D83DF889}.Debug|Any CPU.ActiveCfg = Debug|Any CPU
		{ECC2A260-2DA8-4A56-9C7A-6922D83DF889}.Debug|Any CPU.Build.0 = Debug|Any CPU
		{ECC2A260-2DA8-4A56-9C7A-6922D83DF889}.Debug|Any CPU.Deploy.0 = Debug|Any CPU
		{ECC2A260-2DA8-4A56-9C7A-6922D83DF889}.Release|Any CPU.ActiveCfg = Release|Any CPU
		{ECC2A260-2DA8-4A56-9C7A-6922D83DF889}.Release|Any CPU.Build.0 = Release|Any CPU
		{ECC2A260-2DA8-4A56-9C7A-6922D83DF889}.Release|Any CPU.Deploy.0 = Release|Any CPU
		{1230F008-834C-416D-BAE7-75F8A08490DE}.Debug|Any CPU.ActiveCfg = Debug|Any CPU
		{1230F008-834C-416D-BAE7-75F8A08490DE}.Debug|Any CPU.Build.0 = Debug|Any CPU
		{1230F008-834C-416D-BAE7-75F8A08490DE}.Release|Any CPU.ActiveCfg = Release|Any CPU
		{1230F008-834C-416D-BAE7-75F8A08490DE}.Release|Any CPU.Build.0 = Release|Any CPU
		{F206B811-08CA-46FB-AABA-FB1CBD6C3613}.Debug|Any CPU.ActiveCfg = Debug|Any CPU
		{F206B811-08CA-46FB-AABA-FB1CBD6C3613}.Debug|Any CPU.Build.0 = Debug|Any CPU
		{F206B811-08CA-46FB-AABA-FB1CBD6C3613}.Release|Any CPU.ActiveCfg = Release|Any CPU
		{F206B811-08CA-46FB-AABA-FB1CBD6C3613}.Release|Any CPU.Build.0 = Release|Any CPU
		{E3D11848-1B7E-4DCE-801D-B5531442DEEB}.Debug|Any CPU.ActiveCfg = Debug|Any CPU
		{E3D11848-1B7E-4DCE-801D-B5531442DEEB}.Debug|Any CPU.Build.0 = Debug|Any CPU
		{E3D11848-1B7E-4DCE-801D-B5531442DEEB}.Debug|Any CPU.Deploy.0 = Debug|Any CPU
		{E3D11848-1B7E-4DCE-801D-B5531442DEEB}.Release|Any CPU.ActiveCfg = Release|Any CPU
		{E3D11848-1B7E-4DCE-801D-B5531442DEEB}.Release|Any CPU.Build.0 = Release|Any CPU
		{E3D11848-1B7E-4DCE-801D-B5531442DEEB}.Release|Any CPU.Deploy.0 = Release|Any CPU
		{F3230A61-8D5F-4726-9B71-620599676F89}.Debug|Any CPU.ActiveCfg = Debug|Any CPU
		{F3230A61-8D5F-4726-9B71-620599676F89}.Debug|Any CPU.Build.0 = Debug|Any CPU
		{F3230A61-8D5F-4726-9B71-620599676F89}.Release|Any CPU.ActiveCfg = Release|Any CPU
		{F3230A61-8D5F-4726-9B71-620599676F89}.Release|Any CPU.Build.0 = Release|Any CPU
	EndGlobalSection
	GlobalSection(SolutionProperties) = preSolution
		HideSolutionNode = FALSE
	EndGlobalSection
	GlobalSection(ExtensibilityGlobals) = postSolution
		SolutionGuid = {7783875F-9602-4AC0-8054-1D751827E351}
	EndGlobalSection
EndGlobal
